// !$*UTF8*$!
{
	archiveVersion = 1;
	classes = {
	};
	objectVersion = 55;
	objects = {

/* Begin PBXBuildFile section */
		04271D9728702AC300457771 /* WeatherApp.swift in Sources */ = {isa = PBXBuildFile; fileRef = 04271D9628702AC300457771 /* WeatherApp.swift */; };
		04271D9928702AC300457771 /* ContentView.swift in Sources */ = {isa = PBXBuildFile; fileRef = 04271D9828702AC300457771 /* ContentView.swift */; };
		04271D9B28702ACA00457771 /* Assets.xcassets in Resources */ = {isa = PBXBuildFile; fileRef = 04271D9A28702ACA00457771 /* Assets.xcassets */; };
		04271D9E28702ACA00457771 /* Preview Assets.xcassets in Resources */ = {isa = PBXBuildFile; fileRef = 04271D9D28702ACA00457771 /* Preview Assets.xcassets */; };
		04271DAC2870387D00457771 /* Extensions.swift in Sources */ = {isa = PBXBuildFile; fileRef = 04271DAB2870387D00457771 /* Extensions.swift */; };
		043510712870BD940030BF1F /* NavigationBar.swift in Sources */ = {isa = PBXBuildFile; fileRef = 043510702870BD940030BF1F /* NavigationBar.swift */; };
		043510732870BF9F0030BF1F /* WeatherView.swift in Sources */ = {isa = PBXBuildFile; fileRef = 043510722870BF9F0030BF1F /* WeatherView.swift */; };
		043510752870C0CF0030BF1F /* WeatherWidget.swift in Sources */ = {isa = PBXBuildFile; fileRef = 043510742870C0CF0030BF1F /* WeatherWidget.swift */; };
		045F781C28709B9F0039EB00 /* SegmentedControl.swift in Sources */ = {isa = PBXBuildFile; fileRef = 045F781B28709B9F0039EB00 /* SegmentedControl.swift */; };
		045F781E2870A27D0039EB00 /* ForecastModel.swift in Sources */ = {isa = PBXBuildFile; fileRef = 045F781D2870A27D0039EB00 /* ForecastModel.swift */; };
		045F78202870B2550039EB00 /* ForecastCard.swift in Sources */ = {isa = PBXBuildFile; fileRef = 045F781F2870B2550039EB00 /* ForecastCard.swift */; };
		0470AED428703B0F006F44AD /* HomeView.swift in Sources */ = {isa = PBXBuildFile; fileRef = 0470AED328703B0F006F44AD /* HomeView.swift */; };
		047D783728704A9900EC1A5C /* TabBar.swift in Sources */ = {isa = PBXBuildFile; fileRef = 047D783628704A9900EC1A5C /* TabBar.swift */; };
		047D783928704AC800EC1A5C /* HapticsManager.swift in Sources */ = {isa = PBXBuildFile; fileRef = 047D783828704AC800EC1A5C /* HapticsManager.swift */; };
		047D783B2870503B00EC1A5C /* Shapes.swift in Sources */ = {isa = PBXBuildFile; fileRef = 047D783A2870503B00EC1A5C /* Shapes.swift */; };
		047D783E287055EF00EC1A5C /* BottomSheet in Frameworks */ = {isa = PBXBuildFile; productRef = 047D783D287055EF00EC1A5C /* BottomSheet */; };
		047D7840287058D700EC1A5C /* ForecastView.swift in Sources */ = {isa = PBXBuildFile; fileRef = 047D783F287058D600EC1A5C /* ForecastView.swift */; };
		04C86C4128705DD800953D72 /* Blur.swift in Sources */ = {isa = PBXBuildFile; fileRef = 04C86C4028705DD800953D72 /* Blur.swift */; };
/* End PBXBuildFile section */

/* Begin PBXFileReference section */
		04271D9328702AC300457771 /* Weather.app */ = {isa = PBXFileReference; explicitFileType = wrapper.application; includeInIndex = 0; path = Weather.app; sourceTree = BUILT_PRODUCTS_DIR; };
		04271D9628702AC300457771 /* WeatherApp.swift */ = {isa = PBXFileReference; lastKnownFileType = sourcecode.swift; path = WeatherApp.swift; sourceTree = "<group>"; };
		04271D9828702AC300457771 /* ContentView.swift */ = {isa = PBXFileReference; lastKnownFileType = sourcecode.swift; path = ContentView.swift; sourceTree = "<group>"; };
		04271D9A28702ACA00457771 /* Assets.xcassets */ = {isa = PBXFileReference; lastKnownFileType = folder.assetcatalog; path = Assets.xcassets; sourceTree = "<group>"; };
		04271D9D28702ACA00457771 /* Preview Assets.xcassets */ = {isa = PBXFileReference; lastKnownFileType = folder.assetcatalog; path = "Preview Assets.xcassets"; sourceTree = "<group>"; };
		04271DAB2870387D00457771 /* Extensions.swift */ = {isa = PBXFileReference; lastKnownFileType = sourcecode.swift; path = Extensions.swift; sourceTree = "<group>"; };
		043510702870BD940030BF1F /* NavigationBar.swift */ = {isa = PBXFileReference; lastKnownFileType = sourcecode.swift; path = NavigationBar.swift; sourceTree = "<group>"; };
		043510722870BF9F0030BF1F /* WeatherView.swift */ = {isa = PBXFileReference; lastKnownFileType = sourcecode.swift; path = WeatherView.swift; sourceTree = "<group>"; };
		043510742870C0CF0030BF1F /* WeatherWidget.swift */ = {isa = PBXFileReference; lastKnownFileType = sourcecode.swift; path = WeatherWidget.swift; sourceTree = "<group>"; };
		045F781B28709B9F0039EB00 /* SegmentedControl.swift */ = {isa = PBXFileReference; lastKnownFileType = sourcecode.swift; path = SegmentedControl.swift; sourceTree = "<group>"; };
		045F781D2870A27D0039EB00 /* ForecastModel.swift */ = {isa = PBXFileReference; lastKnownFileType = sourcecode.swift; path = ForecastModel.swift; sourceTree = "<group>"; };
		045F781F2870B2550039EB00 /* ForecastCard.swift */ = {isa = PBXFileReference; lastKnownFileType = sourcecode.swift; path = ForecastCard.swift; sourceTree = "<group>"; };
		0470AED328703B0F006F44AD /* HomeView.swift */ = {isa = PBXFileReference; lastKnownFileType = sourcecode.swift; path = HomeView.swift; sourceTree = "<group>"; };
		047D783628704A9900EC1A5C /* TabBar.swift */ = {isa = PBXFileReference; lastKnownFileType = sourcecode.swift; path = TabBar.swift; sourceTree = "<group>"; };
		047D783828704AC800EC1A5C /* HapticsManager.swift */ = {isa = PBXFileReference; lastKnownFileType = sourcecode.swift; path = HapticsManager.swift; sourceTree = "<group>"; };
		047D783A2870503B00EC1A5C /* Shapes.swift */ = {isa = PBXFileReference; lastKnownFileType = sourcecode.swift; path = Shapes.swift; sourceTree = "<group>"; };
		047D783F287058D600EC1A5C /* ForecastView.swift */ = {isa = PBXFileReference; lastKnownFileType = sourcecode.swift; path = ForecastView.swift; sourceTree = "<group>"; };
		04C86C4028705DD800953D72 /* Blur.swift */ = {isa = PBXFileReference; lastKnownFileType = sourcecode.swift; path = Blur.swift; sourceTree = "<group>"; };
/* End PBXFileReference section */

/* Begin PBXFrameworksBuildPhase section */
		04271D9028702AC300457771 /* Frameworks */ = {
			isa = PBXFrameworksBuildPhase;
			buildActionMask = 2147483647;
			files = (
				047D783E287055EF00EC1A5C /* BottomSheet in Frameworks */,
			);
			runOnlyForDeploymentPostprocessing = 0;
		};
/* End PBXFrameworksBuildPhase section */

/* Begin PBXGroup section */
		04271D8A28702AC300457771 = {
			isa = PBXGroup;
			children = (
				04271D9528702AC300457771 /* Weather */,
				04271D9428702AC300457771 /* Products */,
			);
			sourceTree = "<group>";
		};
		04271D9428702AC300457771 /* Products */ = {
			isa = PBXGroup;
			children = (
				04271D9328702AC300457771 /* Weather.app */,
			);
			name = Products;
			sourceTree = "<group>";
		};
		04271D9528702AC300457771 /* Weather */ = {
			isa = PBXGroup;
			children = (
				04271DA628702BF200457771 /* Utils */,
				04271DA528702BE800457771 /* Models */,
				04271DA428702BDC00457771 /* Views */,
				04271D9628702AC300457771 /* WeatherApp.swift */,
				04271D9A28702ACA00457771 /* Assets.xcassets */,
				04271D9C28702ACA00457771 /* Preview Content */,
			);
			path = Weather;
			sourceTree = "<group>";
		};
		04271D9C28702ACA00457771 /* Preview Content */ = {
			isa = PBXGroup;
			children = (
				04271D9D28702ACA00457771 /* Preview Assets.xcassets */,
			);
			path = "Preview Content";
			sourceTree = "<group>";
		};
		04271DA428702BDC00457771 /* Views */ = {
			isa = PBXGroup;
			children = (
				04271DAA28702C3A00457771 /* Main */,
				04271DA728702C0700457771 /* Navigation */,
				04271DA828702C1700457771 /* Detail */,
				04271DA928702C1C00457771 /* Components */,
			);
			path = Views;
			sourceTree = "<group>";
		};
		04271DA528702BE800457771 /* Models */ = {
			isa = PBXGroup;
			children = (
				045F781D2870A27D0039EB00 /* ForecastModel.swift */,
			);
			path = Models;
			sourceTree = "<group>";
		};
		04271DA628702BF200457771 /* Utils */ = {
			isa = PBXGroup;
			children = (
				04271DAB2870387D00457771 /* Extensions.swift */,
				047D783828704AC800EC1A5C /* HapticsManager.swift */,
				047D783A2870503B00EC1A5C /* Shapes.swift */,
			);
			path = Utils;
			sourceTree = "<group>";
		};
		04271DA728702C0700457771 /* Navigation */ = {
			isa = PBXGroup;
			children = (
				047D783628704A9900EC1A5C /* TabBar.swift */,
				043510702870BD940030BF1F /* NavigationBar.swift */,
			);
			path = Navigation;
			sourceTree = "<group>";
		};
		04271DA828702C1700457771 /* Detail */ = {
			isa = PBXGroup;
			children = (
				047D783F287058D600EC1A5C /* ForecastView.swift */,
				043510722870BF9F0030BF1F /* WeatherView.swift */,
			);
			path = Detail;
			sourceTree = "<group>";
		};
		04271DA928702C1C00457771 /* Components */ = {
			isa = PBXGroup;
			children = (
				04C86C4028705DD800953D72 /* Blur.swift */,
				045F781B28709B9F0039EB00 /* SegmentedControl.swift */,
				045F781F2870B2550039EB00 /* ForecastCard.swift */,
				043510742870C0CF0030BF1F /* WeatherWidget.swift */,
			);
			path = Components;
			sourceTree = "<group>";
		};
		04271DAA28702C3A00457771 /* Main */ = {
			isa = PBXGroup;
			children = (
				04271D9828702AC300457771 /* ContentView.swift */,
				0470AED328703B0F006F44AD /* HomeView.swift */,
			);
			path = Main;
			sourceTree = "<group>";
		};
/* End PBXGroup section */

/* Begin PBXNativeTarget section */
		04271D9228702AC300457771 /* Weather */ = {
			isa = PBXNativeTarget;
			buildConfigurationList = 04271DA128702ACB00457771 /* Build configuration list for PBXNativeTarget "Weather" */;
			buildPhases = (
				04271D8F28702AC300457771 /* Sources */,
				04271D9028702AC300457771 /* Frameworks */,
				04271D9128702AC300457771 /* Resources */,
			);
			buildRules = (
			);
			dependencies = (
			);
			name = Weather;
			packageProductDependencies = (
				047D783D287055EF00EC1A5C /* BottomSheet */,
			);
			productName = Weather;
			productReference = 04271D9328702AC300457771 /* Weather.app */;
			productType = "com.apple.product-type.application";
		};
/* End PBXNativeTarget section */

/* Begin PBXProject section */
		04271D8B28702AC300457771 /* Project object */ = {
			isa = PBXProject;
			attributes = {
				BuildIndependentTargetsInParallel = 1;
				LastSwiftUpdateCheck = 1340;
				LastUpgradeCheck = 1340;
				TargetAttributes = {
					04271D9228702AC300457771 = {
						CreatedOnToolsVersion = 13.4.1;
					};
				};
			};
			buildConfigurationList = 04271D8E28702AC300457771 /* Build configuration list for PBXProject "Weather" */;
			compatibilityVersion = "Xcode 13.0";
			developmentRegion = en;
			hasScannedForEncodings = 0;
			knownRegions = (
				en,
				Base,
			);
			mainGroup = 04271D8A28702AC300457771;
			packageReferences = (
				047D783C287055EF00EC1A5C /* XCRemoteSwiftPackageReference "BottomSheet" */,
			);
			productRefGroup = 04271D9428702AC300457771 /* Products */;
			projectDirPath = "";
			projectRoot = "";
			targets = (
				04271D9228702AC300457771 /* Weather */,
			);
		};
/* End PBXProject section */

/* Begin PBXResourcesBuildPhase section */
		04271D9128702AC300457771 /* Resources */ = {
			isa = PBXResourcesBuildPhase;
			buildActionMask = 2147483647;
			files = (
				04271D9E28702ACA00457771 /* Preview Assets.xcassets in Resources */,
				04271D9B28702ACA00457771 /* Assets.xcassets in Resources */,
			);
			runOnlyForDeploymentPostprocessing = 0;
		};
/* End PBXResourcesBuildPhase section */

/* Begin PBXSourcesBuildPhase section */
		04271D8F28702AC300457771 /* Sources */ = {
			isa = PBXSourcesBuildPhase;
			buildActionMask = 2147483647;
			files = (
				047D783B2870503B00EC1A5C /* Shapes.swift in Sources */,
				047D783928704AC800EC1A5C /* HapticsManager.swift in Sources */,
				045F78202870B2550039EB00 /* ForecastCard.swift in Sources */,
				04271D9928702AC300457771 /* ContentView.swift in Sources */,
				043510712870BD940030BF1F /* NavigationBar.swift in Sources */,
				043510752870C0CF0030BF1F /* WeatherWidget.swift in Sources */,
				043510732870BF9F0030BF1F /* WeatherView.swift in Sources */,
				0470AED428703B0F006F44AD /* HomeView.swift in Sources */,
				04271DAC2870387D00457771 /* Extensions.swift in Sources */,
				04271D9728702AC300457771 /* WeatherApp.swift in Sources */,
				04C86C4128705DD800953D72 /* Blur.swift in Sources */,
				047D783728704A9900EC1A5C /* TabBar.swift in Sources */,
				045F781E2870A27D0039EB00 /* ForecastModel.swift in Sources */,
				045F781C28709B9F0039EB00 /* SegmentedControl.swift in Sources */,
				047D7840287058D700EC1A5C /* ForecastView.swift in Sources */,
			);
			runOnlyForDeploymentPostprocessing = 0;
		};
/* End PBXSourcesBuildPhase section */

/* Begin XCBuildConfiguration section */
		04271D9F28702ACB00457771 /* Debug */ = {
			isa = XCBuildConfiguration;
			buildSettings = {
				ALWAYS_SEARCH_USER_PATHS = NO;
				CLANG_ANALYZER_NONNULL = YES;
				CLANG_ANALYZER_NUMBER_OBJECT_CONVERSION = YES_AGGRESSIVE;
				CLANG_CXX_LANGUAGE_STANDARD = "gnu++17";
				CLANG_ENABLE_MODULES = YES;
				CLANG_ENABLE_OBJC_ARC = YES;
				CLANG_ENABLE_OBJC_WEAK = YES;
				CLANG_WARN_BLOCK_CAPTURE_AUTORELEASING = YES;
				CLANG_WARN_BOOL_CONVERSION = YES;
				CLANG_WARN_COMMA = YES;
				CLANG_WARN_CONSTANT_CONVERSION = YES;
				CLANG_WARN_DEPRECATED_OBJC_IMPLEMENTATIONS = YES;
				CLANG_WARN_DIRECT_OBJC_ISA_USAGE = YES_ERROR;
				CLANG_WARN_DOCUMENTATION_COMMENTS = YES;
				CLANG_WARN_EMPTY_BODY = YES;
				CLANG_WARN_ENUM_CONVERSION = YES;
				CLANG_WARN_INFINITE_RECURSION = YES;
				CLANG_WARN_INT_CONVERSION = YES;
				CLANG_WARN_NON_LITERAL_NULL_CONVERSION = YES;
				CLANG_WARN_OBJC_IMPLICIT_RETAIN_SELF = YES;
				CLANG_WARN_OBJC_LITERAL_CONVERSION = YES;
				CLANG_WARN_OBJC_ROOT_CLASS = YES_ERROR;
				CLANG_WARN_QUOTED_INCLUDE_IN_FRAMEWORK_HEADER = YES;
				CLANG_WARN_RANGE_LOOP_ANALYSIS = YES;
				CLANG_WARN_STRICT_PROTOTYPES = YES;
				CLANG_WARN_SUSPICIOUS_MOVE = YES;
				CLANG_WARN_UNGUARDED_AVAILABILITY = YES_AGGRESSIVE;
				CLANG_WARN_UNREACHABLE_CODE = YES;
				CLANG_WARN__DUPLICATE_METHOD_MATCH = YES;
				COPY_PHASE_STRIP = NO;
				DEBUG_INFORMATION_FORMAT = dwarf;
				ENABLE_STRICT_OBJC_MSGSEND = YES;
				ENABLE_TESTABILITY = YES;
				GCC_C_LANGUAGE_STANDARD = gnu11;
				GCC_DYNAMIC_NO_PIC = NO;
				GCC_NO_COMMON_BLOCKS = YES;
				GCC_OPTIMIZATION_LEVEL = 0;
				GCC_PREPROCESSOR_DEFINITIONS = (
					"DEBUG=1",
					"$(inherited)",
				);
				GCC_WARN_64_TO_32_BIT_CONVERSION = YES;
				GCC_WARN_ABOUT_RETURN_TYPE = YES_ERROR;
				GCC_WARN_UNDECLARED_SELECTOR = YES;
				GCC_WARN_UNINITIALIZED_AUTOS = YES_AGGRESSIVE;
				GCC_WARN_UNUSED_FUNCTION = YES;
				GCC_WARN_UNUSED_VARIABLE = YES;
				IPHONEOS_DEPLOYMENT_TARGET = 15.5;
				MTL_ENABLE_DEBUG_INFO = INCLUDE_SOURCE;
				MTL_FAST_MATH = YES;
				ONLY_ACTIVE_ARCH = YES;
				SDKROOT = iphoneos;
				SWIFT_ACTIVE_COMPILATION_CONDITIONS = DEBUG;
				SWIFT_OPTIMIZATION_LEVEL = "-Onone";
			};
			name = Debug;
		};
		04271DA028702ACB00457771 /* Release */ = {
			isa = XCBuildConfiguration;
			buildSettings = {
				ALWAYS_SEARCH_USER_PATHS = NO;
				CLANG_ANALYZER_NONNULL = YES;
				CLANG_ANALYZER_NUMBER_OBJECT_CONVERSION = YES_AGGRESSIVE;
				CLANG_CXX_LANGUAGE_STANDARD = "gnu++17";
				CLANG_ENABLE_MODULES = YES;
				CLANG_ENABLE_OBJC_ARC = YES;
				CLANG_ENABLE_OBJC_WEAK = YES;
				CLANG_WARN_BLOCK_CAPTURE_AUTORELEASING = YES;
				CLANG_WARN_BOOL_CONVERSION = YES;
				CLANG_WARN_COMMA = YES;
				CLANG_WARN_CONSTANT_CONVERSION = YES;
				CLANG_WARN_DEPRECATED_OBJC_IMPLEMENTATIONS = YES;
				CLANG_WARN_DIRECT_OBJC_ISA_USAGE = YES_ERROR;
				CLANG_WARN_DOCUMENTATION_COMMENTS = YES;
				CLANG_WARN_EMPTY_BODY = YES;
				CLANG_WARN_ENUM_CONVERSION = YES;
				CLANG_WARN_INFINITE_RECURSION = YES;
				CLANG_WARN_INT_CONVERSION = YES;
				CLANG_WARN_NON_LITERAL_NULL_CONVERSION = YES;
				CLANG_WARN_OBJC_IMPLICIT_RETAIN_SELF = YES;
				CLANG_WARN_OBJC_LITERAL_CONVERSION = YES;
				CLANG_WARN_OBJC_ROOT_CLASS = YES_ERROR;
				CLANG_WARN_QUOTED_INCLUDE_IN_FRAMEWORK_HEADER = YES;
				CLANG_WARN_RANGE_LOOP_ANALYSIS = YES;
				CLANG_WARN_STRICT_PROTOTYPES = YES;
				CLANG_WARN_SUSPICIOUS_MOVE = YES;
				CLANG_WARN_UNGUARDED_AVAILABILITY = YES_AGGRESSIVE;
				CLANG_WARN_UNREACHABLE_CODE = YES;
				CLANG_WARN__DUPLICATE_METHOD_MATCH = YES;
				COPY_PHASE_STRIP = NO;
				DEBUG_INFORMATION_FORMAT = "dwarf-with-dsym";
				ENABLE_NS_ASSERTIONS = NO;
				ENABLE_STRICT_OBJC_MSGSEND = YES;
				GCC_C_LANGUAGE_STANDARD = gnu11;
				GCC_NO_COMMON_BLOCKS = YES;
				GCC_WARN_64_TO_32_BIT_CONVERSION = YES;
				GCC_WARN_ABOUT_RETURN_TYPE = YES_ERROR;
				GCC_WARN_UNDECLARED_SELECTOR = YES;
				GCC_WARN_UNINITIALIZED_AUTOS = YES_AGGRESSIVE;
				GCC_WARN_UNUSED_FUNCTION = YES;
				GCC_WARN_UNUSED_VARIABLE = YES;
				IPHONEOS_DEPLOYMENT_TARGET = 15.5;
				MTL_ENABLE_DEBUG_INFO = NO;
				MTL_FAST_MATH = YES;
				SDKROOT = iphoneos;
				SWIFT_COMPILATION_MODE = wholemodule;
				SWIFT_OPTIMIZATION_LEVEL = "-O";
				VALIDATE_PRODUCT = YES;
			};
			name = Release;
		};
		04271DA228702ACB00457771 /* Debug */ = {
			isa = XCBuildConfiguration;
			buildSettings = {
				ASSETCATALOG_COMPILER_APPICON_NAME = AppIcon;
				ASSETCATALOG_COMPILER_GLOBAL_ACCENT_COLOR_NAME = AccentColor;
				CODE_SIGN_STYLE = Automatic;
				CURRENT_PROJECT_VERSION = 1;
				DEVELOPMENT_ASSET_PATHS = "\"Weather/Preview Content\"";
				DEVELOPMENT_TEAM = YHZVJQ792Q;
				ENABLE_PREVIEWS = YES;
				GENERATE_INFOPLIST_FILE = YES;
				INFOPLIST_KEY_UIApplicationSceneManifest_Generation = YES;
				INFOPLIST_KEY_UIApplicationSupportsIndirectInputEvents = YES;
				INFOPLIST_KEY_UILaunchScreen_Generation = YES;
				INFOPLIST_KEY_UISupportedInterfaceOrientations_iPad = "UIInterfaceOrientationPortrait UIInterfaceOrientationPortraitUpsideDown UIInterfaceOrientationLandscapeLeft UIInterfaceOrientationLandscapeRight";
				INFOPLIST_KEY_UISupportedInterfaceOrientations_iPhone = UIInterfaceOrientationPortrait;
				LD_RUNPATH_SEARCH_PATHS = (
					"$(inherited)",
					"@executable_path/Frameworks",
				);
				MARKETING_VERSION = 1.0;
				PRODUCT_BUNDLE_IDENTIFIER = blacenova.Weather;
				PRODUCT_NAME = "$(TARGET_NAME)";
				SWIFT_EMIT_LOC_STRINGS = YES;
				SWIFT_VERSION = 5.0;
				TARGETED_DEVICE_FAMILY = "1,2";
			};
			name = Debug;
		};
		04271DA328702ACB00457771 /* Release */ = {
			isa = XCBuildConfiguration;
			buildSettings = {
				ASSETCATALOG_COMPILER_APPICON_NAME = AppIcon;
				ASSETCATALOG_COMPILER_GLOBAL_ACCENT_COLOR_NAME = AccentColor;
				CODE_SIGN_STYLE = Automatic;
				CURRENT_PROJECT_VERSION = 1;
				DEVELOPMENT_ASSET_PATHS = "\"Weather/Preview Content\"";
				DEVELOPMENT_TEAM = YHZVJQ792Q;
				ENABLE_PREVIEWS = YES;
				GENERATE_INFOPLIST_FILE = YES;
				INFOPLIST_KEY_UIApplicationSceneManifest_Generation = YES;
				INFOPLIST_KEY_UIApplicationSupportsIndirectInputEvents = YES;
				INFOPLIST_KEY_UILaunchScreen_Generation = YES;
				INFOPLIST_KEY_UISupportedInterfaceOrientations_iPad = "UIInterfaceOrientationPortrait UIInterfaceOrientationPortraitUpsideDown UIInterfaceOrientationLandscapeLeft UIInterfaceOrientationLandscapeRight";
				INFOPLIST_KEY_UISupportedInterfaceOrientations_iPhone = UIInterfaceOrientationPortrait;
				LD_RUNPATH_SEARCH_PATHS = (
					"$(inherited)",
					"@executable_path/Frameworks",
				);
				MARKETING_VERSION = 1.0;
				PRODUCT_BUNDLE_IDENTIFIER = blacenova.Weather;
				PRODUCT_NAME = "$(TARGET_NAME)";
				SWIFT_EMIT_LOC_STRINGS = YES;
				SWIFT_VERSION = 5.0;
				TARGETED_DEVICE_FAMILY = "1,2";
			};
			name = Release;
		};
/* End XCBuildConfiguration section */

/* Begin XCConfigurationList section */
		04271D8E28702AC300457771 /* Build configuration list for PBXProject "Weather" */ = {
			isa = XCConfigurationList;
			buildConfigurations = (
				04271D9F28702ACB00457771 /* Debug */,
				04271DA028702ACB00457771 /* Release */,
			);
			defaultConfigurationIsVisible = 0;
			defaultConfigurationName = Release;
		};
		04271DA128702ACB00457771 /* Build configuration list for PBXNativeTarget "Weather" */ = {
			isa = XCConfigurationList;
			buildConfigurations = (
				04271DA228702ACB00457771 /* Debug */,
				04271DA328702ACB00457771 /* Release */,
			);
			defaultConfigurationIsVisible = 0;
			defaultConfigurationName = Release;
		};
/* End XCConfigurationList section */

/* Begin XCRemoteSwiftPackageReference section */
		047D783C287055EF00EC1A5C /* XCRemoteSwiftPackageReference "BottomSheet" */ = {
			isa = XCRemoteSwiftPackageReference;
			repositoryURL = "https://github.com/Wouter125/BottomSheet";
			requirement = {
				branch = main;
				kind = branch;
			};
		};
/* End XCRemoteSwiftPackageReference section */

/* Begin XCSwiftPackageProductDependency section */
		047D783D287055EF00EC1A5C /* BottomSheet */ = {
			isa = XCSwiftPackageProductDependency;
			package = 047D783C287055EF00EC1A5C /* XCRemoteSwiftPackageReference "BottomSheet" */;
			productName = BottomSheet;
		};
/* End XCSwiftPackageProductDependency section */
	};
	rootObject = 04271D8B28702AC300457771 /* Project object */;
}
